
Microsoft Visual Studio Solution File, Format Version 12.00
# Visual Studio 14
VisualStudioVersion = 14.0.25420.1
MinimumVisualStudioVersion = 10.0.40219.1
Project("{8BC9CEB8-8B4A-11D0-8D11-00A0C91BC942}") = "study_arith01", "study_arith01\study_arith01.vcxproj", "{632162F1-03A7-4A52-9746-7B1B19CF13A7}"
EndProject
Global
	GlobalSection(SolutionConfigurationPlatforms) = preSolution
		Debug|x64 = Debug|x64
		Debug|x86 = Debug|x86
		Release|x64 = Release|x64
		Release|x86 = Release|x86
	EndGlobalSection
	GlobalSection(ProjectConfigurationPlatforms) = postSolution
		{632162F1-03A7-4A52-9746-7B1B19CF13A7}.Debug|x64.ActiveCfg = Debug|x64
		{632162F1-03A7-4A52-9746-7B1B19CF13A7}.Debug|x64.Build.0 = Debug|x64
		{632162F1-03A7-4A52-9746-7B1B19CF13A7}.Debug|x86.ActiveCfg = Debug|Win32
		{632162F1-03A7-4A52-9746-7B1B19CF13A7}.Debug|x86.Build.0 = Debug|Win32
		{632162F1-03A7-4A52-9746-7B1B19CF13A7}.Release|x64.ActiveCfg = Release|x64
		{632162F1-03A7-4A52-9746-7B1B19CF13A7}.Release|x64.Build.0 = Release|x64
		{632162F1-03A7-4A52-9746-7B1B19CF13A7}.Release|x86.ActiveCfg = Release|Win32
		{632162F1-03A7-4A52-9746-7B1B19CF13A7}.Release|x86.Build.0 = Release|Win32
	EndGlobalSection
	GlobalSection(SolutionProperties) = preSolution
		HideSolutionNode = FALSE
	EndGlobalSection
EndGlobal
